// !$*UTF8*$!
{
	archiveVersion = 1;
	classes = {
	};
	objectVersion = 50;
	objects = {

/* Begin PBXBuildFile section */
		F0190E82268062E000B1AFC4 /* Tests_iOS.swift in Sources */ = {isa = PBXBuildFile; fileRef = F0190E81268062E000B1AFC4 /* Tests_iOS.swift */; };
		F0190E8D268062E000B1AFC4 /* Tests_macOS.swift in Sources */ = {isa = PBXBuildFile; fileRef = F0190E8C268062E000B1AFC4 /* Tests_macOS.swift */; };
		F0190E8F268062E000B1AFC4 /* pyApp.swift in Sources */ = {isa = PBXBuildFile; fileRef = F0190E66268062DB00B1AFC4 /* pyApp.swift */; };
		F0190E90268062E000B1AFC4 /* pyApp.swift in Sources */ = {isa = PBXBuildFile; fileRef = F0190E66268062DB00B1AFC4 /* pyApp.swift */; };
		F0190E91268062E000B1AFC4 /* ContentView.swift in Sources */ = {isa = PBXBuildFile; fileRef = F0190E67268062DB00B1AFC4 /* ContentView.swift */; };
		F0190E92268062E000B1AFC4 /* ContentView.swift in Sources */ = {isa = PBXBuildFile; fileRef = F0190E67268062DB00B1AFC4 /* ContentView.swift */; };
		F0190E93268062E000B1AFC4 /* Assets.xcassets in Resources */ = {isa = PBXBuildFile; fileRef = F0190E68268062DF00B1AFC4 /* Assets.xcassets */; };
		F0190E94268062E000B1AFC4 /* Assets.xcassets in Resources */ = {isa = PBXBuildFile; fileRef = F0190E68268062DF00B1AFC4 /* Assets.xcassets */; };
/* End PBXBuildFile section */

/* Begin PBXContainerItemProxy section */
		F0190E7E268062E000B1AFC4 /* PBXContainerItemProxy */ = {
			isa = PBXContainerItemProxy;
			containerPortal = F0190E61268062DB00B1AFC4 /* Project object */;
			proxyType = 1;
			remoteGlobalIDString = F0190E6C268062DF00B1AFC4;
			remoteInfo = "py (iOS)";
		};
		F0190E89268062E000B1AFC4 /* PBXContainerItemProxy */ = {
			isa = PBXContainerItemProxy;
			containerPortal = F0190E61268062DB00B1AFC4 /* Project object */;
			proxyType = 1;
			remoteGlobalIDString = F0190E74268062DF00B1AFC4;
			remoteInfo = "py (macOS)";
		};
/* End PBXContainerItemProxy section */

/* Begin PBXFileReference section */
		F0190E66268062DB00B1AFC4 /* pyApp.swift */ = {isa = PBXFileReference; lastKnownFileType = sourcecode.swift; path = pyApp.swift; sourceTree = "<group>"; };
		F0190E67268062DB00B1AFC4 /* ContentView.swift */ = {isa = PBXFileReference; lastKnownFileType = sourcecode.swift; path = ContentView.swift; sourceTree = "<group>"; };
		F0190E68268062DF00B1AFC4 /* Assets.xcassets */ = {isa = PBXFileReference; lastKnownFileType = folder.assetcatalog; path = Assets.xcassets; sourceTree = "<group>"; };
		F0190E6D268062DF00B1AFC4 /* py.app */ = {isa = PBXFileReference; explicitFileType = wrapper.application; includeInIndex = 0; path = py.app; sourceTree = BUILT_PRODUCTS_DIR; };
		F0190E70268062DF00B1AFC4 /* Info.plist */ = {isa = PBXFileReference; lastKnownFileType = text.plist.xml; path = Info.plist; sourceTree = "<group>"; };
		F0190E75268062DF00B1AFC4 /* py.app */ = {isa = PBXFileReference; explicitFileType = wrapper.application; includeInIndex = 0; path = py.app; sourceTree = BUILT_PRODUCTS_DIR; };
		F0190E77268062E000B1AFC4 /* Info.plist */ = {isa = PBXFileReference; lastKnownFileType = text.plist.xml; path = Info.plist; sourceTree = "<group>"; };
		F0190E78268062E000B1AFC4 /* macOS.entitlements */ = {isa = PBXFileReference; lastKnownFileType = text.plist.entitlements; path = macOS.entitlements; sourceTree = "<group>"; };
		F0190E7D268062E000B1AFC4 /* Tests iOS.xctest */ = {isa = PBXFileReference; explicitFileType = wrapper.cfbundle; includeInIndex = 0; path = "Tests iOS.xctest"; sourceTree = BUILT_PRODUCTS_DIR; };
		F0190E81268062E000B1AFC4 /* Tests_iOS.swift */ = {isa = PBXFileReference; lastKnownFileType = sourcecode.swift; path = Tests_iOS.swift; sourceTree = "<group>"; };
		F0190E83268062E000B1AFC4 /* Info.plist */ = {isa = PBXFileReference; lastKnownFileType = text.plist.xml; path = Info.plist; sourceTree = "<group>"; };
		F0190E88268062E000B1AFC4 /* Tests macOS.xctest */ = {isa = PBXFileReference; explicitFileType = wrapper.cfbundle; includeInIndex = 0; path = "Tests macOS.xctest"; sourceTree = BUILT_PRODUCTS_DIR; };
		F0190E8C268062E000B1AFC4 /* Tests_macOS.swift */ = {isa = PBXFileReference; lastKnownFileType = sourcecode.swift; path = Tests_macOS.swift; sourceTree = "<group>"; };
		F0190E8E268062E000B1AFC4 /* Info.plist */ = {isa = PBXFileReference; lastKnownFileType = text.plist.xml; path = Info.plist; sourceTree = "<group>"; };
/* End PBXFileReference section */

/* Begin PBXFrameworksBuildPhase section */
		F0190E6A268062DF00B1AFC4 /* Frameworks */ = {
			isa = PBXFrameworksBuildPhase;
			buildActionMask = 2147483647;
			files = (
			);
			runOnlyForDeploymentPostprocessing = 0;
		};
		F0190E72268062DF00B1AFC4 /* Frameworks */ = {
			isa = PBXFrameworksBuildPhase;
			buildActionMask = 2147483647;
			files = (
			);
			runOnlyForDeploymentPostprocessing = 0;
		};
		F0190E7A268062E000B1AFC4 /* Frameworks */ = {
			isa = PBXFrameworksBuildPhase;
			buildActionMask = 2147483647;
			files = (
			);
			runOnlyForDeploymentPostprocessing = 0;
		};
		F0190E85268062E000B1AFC4 /* Frameworks */ = {
			isa = PBXFrameworksBuildPhase;
			buildActionMask = 2147483647;
			files = (
			);
			runOnlyForDeploymentPostprocessing = 0;
		};
/* End PBXFrameworksBuildPhase section */

/* Begin PBXGroup section */
		F0190E60268062DB00B1AFC4 = {
			isa = PBXGroup;
			children = (
				F0190E65268062DB00B1AFC4 /* Shared */,
				F0190E6F268062DF00B1AFC4 /* iOS */,
				F0190E76268062DF00B1AFC4 /* macOS */,
				F0190E80268062E000B1AFC4 /* Tests iOS */,
				F0190E8B268062E000B1AFC4 /* Tests macOS */,
				F0190E6E268062DF00B1AFC4 /* Products */,
			);
			sourceTree = "<group>";
		};
		F0190E65268062DB00B1AFC4 /* Shared */ = {
			isa = PBXGroup;
			children = (
				F0190E66268062DB00B1AFC4 /* pyApp.swift */,
				F0190E67268062DB00B1AFC4 /* ContentView.swift */,
				F0190E68268062DF00B1AFC4 /* Assets.xcassets */,
			);
			path = Shared;
			sourceTree = "<group>";
		};
		F0190E6E268062DF00B1AFC4 /* Products */ = {
			isa = PBXGroup;
			children = (
				F0190E6D268062DF00B1AFC4 /* py.app */,
				F0190E75268062DF00B1AFC4 /* py.app */,
				F0190E7D268062E000B1AFC4 /* Tests iOS.xctest */,
				F0190E88268062E000B1AFC4 /* Tests macOS.xctest */,
			);
			name = Products;
			sourceTree = "<group>";
		};
		F0190E6F268062DF00B1AFC4 /* iOS */ = {
			isa = PBXGroup;
			children = (
				F0190E70268062DF00B1AFC4 /* Info.plist */,
			);
			path = iOS;
			sourceTree = "<group>";
		};
		F0190E76268062DF00B1AFC4 /* macOS */ = {
			isa = PBXGroup;
			children = (
				F0190E77268062E000B1AFC4 /* Info.plist */,
				F0190E78268062E000B1AFC4 /* macOS.entitlements */,
			);
			path = macOS;
			sourceTree = "<group>";
		};
		F0190E80268062E000B1AFC4 /* Tests iOS */ = {
			isa = PBXGroup;
			children = (
				F0190E81268062E000B1AFC4 /* Tests_iOS.swift */,
				F0190E83268062E000B1AFC4 /* Info.plist */,
			);
			path = "Tests iOS";
			sourceTree = "<group>";
		};
		F0190E8B268062E000B1AFC4 /* Tests macOS */ = {
			isa = PBXGroup;
			children = (
				F0190E8C268062E000B1AFC4 /* Tests_macOS.swift */,
				F0190E8E268062E000B1AFC4 /* Info.plist */,
			);
			path = "Tests macOS";
			sourceTree = "<group>";
		};
/* End PBXGroup section */

/* Begin PBXNativeTarget section */
		F0190E6C268062DF00B1AFC4 /* py (iOS) */ = {
			isa = PBXNativeTarget;
			buildConfigurationList = F0190E97268062E000B1AFC4 /* Build configuration list for PBXNativeTarget "py (iOS)" */;
			buildPhases = (
				F0190E69268062DF00B1AFC4 /* Sources */,
				F0190E6A268062DF00B1AFC4 /* Frameworks */,
				F0190E6B268062DF00B1AFC4 /* Resources */,
			);
			buildRules = (
			);
			dependencies = (
			);
			name = "py (iOS)";
			productName = "py (iOS)";
			productReference = F0190E6D268062DF00B1AFC4 /* py.app */;
			productType = "com.apple.product-type.application";
		};
		F0190E74268062DF00B1AFC4 /* py (macOS) */ = {
			isa = PBXNativeTarget;
			buildConfigurationList = F0190E9A268062E000B1AFC4 /* Build configuration list for PBXNativeTarget "py (macOS)" */;
			buildPhases = (
				F0190E71268062DF00B1AFC4 /* Sources */,
				F0190E72268062DF00B1AFC4 /* Frameworks */,
				F0190E73268062DF00B1AFC4 /* Resources */,
			);
			buildRules = (
			);
			dependencies = (
			);
			name = "py (macOS)";
			productName = "py (macOS)";
			productReference = F0190E75268062DF00B1AFC4 /* py.app */;
			productType = "com.apple.product-type.application";
		};
		F0190E7C268062E000B1AFC4 /* Tests iOS */ = {
			isa = PBXNativeTarget;
			buildConfigurationList = F0190E9D268062E000B1AFC4 /* Build configuration list for PBXNativeTarget "Tests iOS" */;
			buildPhases = (
				F0190E79268062E000B1AFC4 /* Sources */,
				F0190E7A268062E000B1AFC4 /* Frameworks */,
				F0190E7B268062E000B1AFC4 /* Resources */,
			);
			buildRules = (
			);
			dependencies = (
				F0190E7F268062E000B1AFC4 /* PBXTargetDependency */,
			);
			name = "Tests iOS";
			productName = "Tests iOS";
			productReference = F0190E7D268062E000B1AFC4 /* Tests iOS.xctest */;
			productType = "com.apple.product-type.bundle.ui-testing";
		};
		F0190E87268062E000B1AFC4 /* Tests macOS */ = {
			isa = PBXNativeTarget;
			buildConfigurationList = F0190EA0268062E000B1AFC4 /* Build configuration list for PBXNativeTarget "Tests macOS" */;
			buildPhases = (
				F0190E84268062E000B1AFC4 /* Sources */,
				F0190E85268062E000B1AFC4 /* Frameworks */,
				F0190E86268062E000B1AFC4 /* Resources */,
			);
			buildRules = (
			);
			dependencies = (
				F0190E8A268062E000B1AFC4 /* PBXTargetDependency */,
			);
			name = "Tests macOS";
			productName = "Tests macOS";
			productReference = F0190E88268062E000B1AFC4 /* Tests macOS.xctest */;
			productType = "com.apple.product-type.bundle.ui-testing";
		};
/* End PBXNativeTarget section */

/* Begin PBXProject section */
		F0190E61268062DB00B1AFC4 /* Project object */ = {
			isa = PBXProject;
			attributes = {
				LastSwiftUpdateCheck = 1250;
				LastUpgradeCheck = 1250;
				TargetAttributes = {
					F0190E6C268062DF00B1AFC4 = {
						CreatedOnToolsVersion = 12.5;
					};
					F0190E74268062DF00B1AFC4 = {
						CreatedOnToolsVersion = 12.5;
					};
					F0190E7C268062E000B1AFC4 = {
						CreatedOnToolsVersion = 12.5;
						TestTargetID = F0190E6C268062DF00B1AFC4;
					};
					F0190E87268062E000B1AFC4 = {
						CreatedOnToolsVersion = 12.5;
						TestTargetID = F0190E74268062DF00B1AFC4;
					};
				};
			};
			buildConfigurationList = F0190E64268062DB00B1AFC4 /* Build configuration list for PBXProject "py" */;
			compatibilityVersion = "Xcode 9.3";
			developmentRegion = en;
			hasScannedForEncodings = 0;
			knownRegions = (
				en,
				Base,
			);
			mainGroup = F0190E60268062DB00B1AFC4;
			productRefGroup = F0190E6E268062DF00B1AFC4 /* Products */;
			projectDirPath = "";
			projectRoot = "";
			targets = (
				F0190E6C268062DF00B1AFC4 /* py (iOS) */,
				F0190E74268062DF00B1AFC4 /* py (macOS) */,
				F0190E7C268062E000B1AFC4 /* Tests iOS */,
				F0190E87268062E000B1AFC4 /* Tests macOS */,
			);
		};
/* End PBXProject section */

/* Begin PBXResourcesBuildPhase section */
		F0190E6B268062DF00B1AFC4 /* Resources */ = {
			isa = PBXResourcesBuildPhase;
			buildActionMask = 2147483647;
			files = (
				F0190E93268062E000B1AFC4 /* Assets.xcassets in Resources */,
			);
			runOnlyForDeploymentPostprocessing = 0;
		};
		F0190E73268062DF00B1AFC4 /* Resources */ = {
			isa = PBXResourcesBuildPhase;
			buildActionMask = 2147483647;
			files = (
				F0190E94268062E000B1AFC4 /* Assets.xcassets in Resources */,
			);
			runOnlyForDeploymentPostprocessing = 0;
		};
		F0190E7B268062E000B1AFC4 /* Resources */ = {
			isa = PBXResourcesBuildPhase;
			buildActionMask = 2147483647;
			files = (
			);
			runOnlyForDeploymentPostprocessing = 0;
		};
		F0190E86268062E000B1AFC4 /* Resources */ = {
			isa = PBXResourcesBuildPhase;
			buildActionMask = 2147483647;
			files = (
			);
			runOnlyForDeploymentPostprocessing = 0;
		};
/* End PBXResourcesBuildPhase section */

/* Begin PBXSourcesBuildPhase section */
		F0190E69268062DF00B1AFC4 /* Sources */ = {
			isa = PBXSourcesBuildPhase;
			buildActionMask = 2147483647;
			files = (
				F0190E91268062E000B1AFC4 /* ContentView.swift in Sources */,
				F0190E8F268062E000B1AFC4 /* pyApp.swift in Sources */,
			);
			runOnlyForDeploymentPostprocessing = 0;
		};
		F0190E71268062DF00B1AFC4 /* Sources */ = {
			isa = PBXSourcesBuildPhase;
			buildActionMask = 2147483647;
			files = (
				F0190E92268062E000B1AFC4 /* ContentView.swift in Sources */,
				F0190E90268062E000B1AFC4 /* pyApp.swift in Sources */,
			);
			runOnlyForDeploymentPostprocessing = 0;
		};
		F0190E79268062E000B1AFC4 /* Sources */ = {
			isa = PBXSourcesBuildPhase;
			buildActionMask = 2147483647;
			files = (
				F0190E82268062E000B1AFC4 /* Tests_iOS.swift in Sources */,
			);
			runOnlyForDeploymentPostprocessing = 0;
		};
		F0190E84268062E000B1AFC4 /* Sources */ = {
			isa = PBXSourcesBuildPhase;
			buildActionMask = 2147483647;
			files = (
				F0190E8D268062E000B1AFC4 /* Tests_macOS.swift in Sources */,
			);
			runOnlyForDeploymentPostprocessing = 0;
		};
/* End PBXSourcesBuildPhase section */

/* Begin PBXTargetDependency section */
		F0190E7F268062E000B1AFC4 /* PBXTargetDependency */ = {
			isa = PBXTargetDependency;
			target = F0190E6C268062DF00B1AFC4 /* py (iOS) */;
			targetProxy = F0190E7E268062E000B1AFC4 /* PBXContainerItemProxy */;
		};
		F0190E8A268062E000B1AFC4 /* PBXTargetDependency */ = {
			isa = PBXTargetDependency;
			target = F0190E74268062DF00B1AFC4 /* py (macOS) */;
			targetProxy = F0190E89268062E000B1AFC4 /* PBXContainerItemProxy */;
		};
/* End PBXTargetDependency section */

/* Begin XCBuildConfiguration section */
		F0190E95268062E000B1AFC4 /* Debug */ = {
			isa = XCBuildConfiguration;
			buildSettings = {
				ALWAYS_SEARCH_USER_PATHS = NO;
				CLANG_ANALYZER_NONNULL = YES;
				CLANG_ANALYZER_NUMBER_OBJECT_CONVERSION = YES_AGGRESSIVE;
				CLANG_CXX_LANGUAGE_STANDARD = "gnu++14";
				CLANG_CXX_LIBRARY = "libc++";
				CLANG_ENABLE_MODULES = YES;
				CLANG_ENABLE_OBJC_ARC = YES;
				CLANG_ENABLE_OBJC_WEAK = YES;
				CLANG_WARN_BLOCK_CAPTURE_AUTORELEASING = YES;
				CLANG_WARN_BOOL_CONVERSION = YES;
				CLANG_WARN_COMMA = YES;
				CLANG_WARN_CONSTANT_CONVERSION = YES;
				CLANG_WARN_DEPRECATED_OBJC_IMPLEMENTATIONS = YES;
				CLANG_WARN_DIRECT_OBJC_ISA_USAGE = YES_ERROR;
				CLANG_WARN_DOCUMENTATION_COMMENTS = YES;
				CLANG_WARN_EMPTY_BODY = YES;
				CLANG_WARN_ENUM_CONVERSION = YES;
				CLANG_WARN_INFINITE_RECURSION = YES;
				CLANG_WARN_INT_CONVERSION = YES;
				CLANG_WARN_NON_LITERAL_NULL_CONVERSION = YES;
				CLANG_WARN_OBJC_IMPLICIT_RETAIN_SELF = YES;
				CLANG_WARN_OBJC_LITERAL_CONVERSION = YES;
				CLANG_WARN_OBJC_ROOT_CLASS = YES_ERROR;
				CLANG_WARN_QUOTED_INCLUDE_IN_FRAMEWORK_HEADER = YES;
				CLANG_WARN_RANGE_LOOP_ANALYSIS = YES;
				CLANG_WARN_STRICT_PROTOTYPES = YES;
				CLANG_WARN_SUSPICIOUS_MOVE = YES;
				CLANG_WARN_UNGUARDED_AVAILABILITY = YES_AGGRESSIVE;
				CLANG_WARN_UNREACHABLE_CODE = YES;
				CLANG_WARN__DUPLICATE_METHOD_MATCH = YES;
				COPY_PHASE_STRIP = NO;
				DEBUG_INFORMATION_FORMAT = dwarf;
				ENABLE_STRICT_OBJC_MSGSEND = YES;
				ENABLE_TESTABILITY = YES;
				GCC_C_LANGUAGE_STANDARD = gnu11;
				GCC_DYNAMIC_NO_PIC = NO;
				GCC_NO_COMMON_BLOCKS = YES;
				GCC_OPTIMIZATION_LEVEL = 0;
				GCC_PREPROCESSOR_DEFINITIONS = (
					"DEBUG=1",
					"$(inherited)",
				);
				GCC_WARN_64_TO_32_BIT_CONVERSION = YES;
				GCC_WARN_ABOUT_RETURN_TYPE = YES_ERROR;
				GCC_WARN_UNDECLARED_SELECTOR = YES;
				GCC_WARN_UNINITIALIZED_AUTOS = YES_AGGRESSIVE;
				GCC_WARN_UNUSED_FUNCTION = YES;
				GCC_WARN_UNUSED_VARIABLE = YES;
				MTL_ENABLE_DEBUG_INFO = INCLUDE_SOURCE;
				MTL_FAST_MATH = YES;
				ONLY_ACTIVE_ARCH = YES;
				SWIFT_ACTIVE_COMPILATION_CONDITIONS = DEBUG;
				SWIFT_OPTIMIZATION_LEVEL = "-Onone";
			};
			name = Debug;
		};
		F0190E96268062E000B1AFC4 /* Release */ = {
			isa = XCBuildConfiguration;
			buildSettings = {
				ALWAYS_SEARCH_USER_PATHS = NO;
				CLANG_ANALYZER_NONNULL = YES;
				CLANG_ANALYZER_NUMBER_OBJECT_CONVERSION = YES_AGGRESSIVE;
				CLANG_CXX_LANGUAGE_STANDARD = "gnu++14";
				CLANG_CXX_LIBRARY = "libc++";
				CLANG_ENABLE_MODULES = YES;
				CLANG_ENABLE_OBJC_ARC = YES;
				CLANG_ENABLE_OBJC_WEAK = YES;
				CLANG_WARN_BLOCK_CAPTURE_AUTORELEASING = YES;
				CLANG_WARN_BOOL_CONVERSION = YES;
				CLANG_WARN_COMMA = YES;
				CLANG_WARN_CONSTANT_CONVERSION = YES;
				CLANG_WARN_DEPRECATED_OBJC_IMPLEMENTATIONS = YES;
				CLANG_WARN_DIRECT_OBJC_ISA_USAGE = YES_ERROR;
				CLANG_WARN_DOCUMENTATION_COMMENTS = YES;
				CLANG_WARN_EMPTY_BODY = YES;
				CLANG_WARN_ENUM_CONVERSION = YES;
				CLANG_WARN_INFINITE_RECURSION = YES;
				CLANG_WARN_INT_CONVERSION = YES;
				CLANG_WARN_NON_LITERAL_NULL_CONVERSION = YES;
				CLANG_WARN_OBJC_IMPLICIT_RETAIN_SELF = YES;
				CLANG_WARN_OBJC_LITERAL_CONVERSION = YES;
				CLANG_WARN_OBJC_ROOT_CLASS = YES_ERROR;
				CLANG_WARN_QUOTED_INCLUDE_IN_FRAMEWORK_HEADER = YES;
				CLANG_WARN_RANGE_LOOP_ANALYSIS = YES;
				CLANG_WARN_STRICT_PROTOTYPES = YES;
				CLANG_WARN_SUSPICIOUS_MOVE = YES;
				CLANG_WARN_UNGUARDED_AVAILABILITY = YES_AGGRESSIVE;
				CLANG_WARN_UNREACHABLE_CODE = YES;
				CLANG_WARN__DUPLICATE_METHOD_MATCH = YES;
				COPY_PHASE_STRIP = NO;
				DEBUG_INFORMATION_FORMAT = "dwarf-with-dsym";
				ENABLE_NS_ASSERTIONS = NO;
				ENABLE_STRICT_OBJC_MSGSEND = YES;
				GCC_C_LANGUAGE_STANDARD = gnu11;
				GCC_NO_COMMON_BLOCKS = YES;
				GCC_WARN_64_TO_32_BIT_CONVERSION = YES;
				GCC_WARN_ABOUT_RETURN_TYPE = YES_ERROR;
				GCC_WARN_UNDECLARED_SELECTOR = YES;
				GCC_WARN_UNINITIALIZED_AUTOS = YES_AGGRESSIVE;
				GCC_WARN_UNUSED_FUNCTION = YES;
				GCC_WARN_UNUSED_VARIABLE = YES;
				MTL_ENABLE_DEBUG_INFO = NO;
				MTL_FAST_MATH = YES;
				SWIFT_COMPILATION_MODE = wholemodule;
				SWIFT_OPTIMIZATION_LEVEL = "-O";
			};
			name = Release;
		};
		F0190E98268062E000B1AFC4 /* Debug */ = {
			isa = XCBuildConfiguration;
			buildSettings = {
				ASSETCATALOG_COMPILER_APPICON_NAME = AppIcon;
				ASSETCATALOG_COMPILER_GLOBAL_ACCENT_COLOR_NAME = AccentColor;
				CODE_SIGN_STYLE = Automatic;
				DEVELOPMENT_TEAM = RNVUUUXSRC;
				ENABLE_PREVIEWS = YES;
				INFOPLIST_FILE = iOS/Info.plist;
				IPHONEOS_DEPLOYMENT_TARGET = 14.0;
				LD_RUNPATH_SEARCH_PATHS = (
					"$(inherited)",
					"@executable_path/Frameworks",
				);
				PRODUCT_BUNDLE_IDENTIFIER = p.py;
				PRODUCT_NAME = py;
				SDKROOT = iphoneos;
				SWIFT_VERSION = 5.0;
				TARGETED_DEVICE_FAMILY = "1,2";
			};
			name = Debug;
		};
		F0190E99268062E000B1AFC4 /* Release */ = {
			isa = XCBuildConfiguration;
			buildSettings = {
				ASSETCATALOG_COMPILER_APPICON_NAME = AppIcon;
				ASSETCATALOG_COMPILER_GLOBAL_ACCENT_COLOR_NAME = AccentColor;
				CODE_SIGN_STYLE = Automatic;
				DEVELOPMENT_TEAM = RNVUUUXSRC;
				ENABLE_PREVIEWS = YES;
				INFOPLIST_FILE = iOS/Info.plist;
				IPHONEOS_DEPLOYMENT_TARGET = 14.0;
				LD_RUNPATH_SEARCH_PATHS = (
					"$(inherited)",
					"@executable_path/Frameworks",
				);
				PRODUCT_BUNDLE_IDENTIFIER = p.py;
				PRODUCT_NAME = py;
				SDKROOT = iphoneos;
				SWIFT_VERSION = 5.0;
				TARGETED_DEVICE_FAMILY = "1,2";
				VALIDATE_PRODUCT = YES;
			};
			name = Release;
		};
		F0190E9B268062E000B1AFC4 /* Debug */ = {
			isa = XCBuildConfiguration;
			buildSettings = {
				ASSETCATALOG_COMPILER_APPICON_NAME = AppIcon;
				ASSETCATALOG_COMPILER_GLOBAL_ACCENT_COLOR_NAME = AccentColor;
				CODE_SIGN_ENTITLEMENTS = macOS/macOS.entitlements;
				CODE_SIGN_STYLE = Automatic;
				COMBINE_HIDPI_IMAGES = YES;
				DEVELOPMENT_TEAM = RNVUUUXSRC;
				ENABLE_HARDENED_RUNTIME = YES;
				ENABLE_PREVIEWS = YES;
				INFOPLIST_FILE = macOS/Info.plist;
				LD_RUNPATH_SEARCH_PATHS = (
					"$(inherited)",
					"@executable_path/../Frameworks",
				);
				MACOSX_DEPLOYMENT_TARGET = 11.0;
				PRODUCT_BUNDLE_IDENTIFIER = p.py;
				PRODUCT_NAME = py;
				SDKROOT = macosx;
				SWIFT_VERSION = 5.0;
			};
			name = Debug;
		};
		F0190E9C268062E000B1AFC4 /* Release */ = {
			isa = XCBuildConfiguration;
			buildSettings = {
				ASSETCATALOG_COMPILER_APPICON_NAME = AppIcon;
				ASSETCATALOG_COMPILER_GLOBAL_ACCENT_COLOR_NAME = AccentColor;
				CODE_SIGN_ENTITLEMENTS = macOS/macOS.entitlements;
				CODE_SIGN_STYLE = Automatic;
				COMBINE_HIDPI_IMAGES = YES;
				DEVELOPMENT_TEAM = RNVUUUXSRC;
				ENABLE_HARDENED_RUNTIME = YES;
				ENABLE_PREVIEWS = YES;
				INFOPLIST_FILE = macOS/Info.plist;
				LD_RUNPATH_SEARCH_PATHS = (
					"$(inherited)",
					"@executable_path/../Frameworks",
				);
				MACOSX_DEPLOYMENT_TARGET = 11.0;
				PRODUCT_BUNDLE_IDENTIFIER = p.py;
				PRODUCT_NAME = py;
				SDKROOT = macosx;
				SWIFT_VERSION = 5.0;
			};
			name = Release;
		};
		F0190E9E268062E000B1AFC4 /* Debug */ = {
			isa = XCBuildConfiguration;
			buildSettings = {
				ALWAYS_EMBED_SWIFT_STANDARD_LIBRARIES = YES;
				CODE_SIGN_STYLE = Automatic;
				DEVELOPMENT_TEAM = RNVUUUXSRC;
				INFOPLIST_FILE = "Tests iOS/Info.plist";
				IPHONEOS_DEPLOYMENT_TARGET = 14.5;
				LD_RUNPATH_SEARCH_PATHS = (
					"$(inherited)",
					"@executable_path/Frameworks",
					"@loader_path/Frameworks",
				);
				PRODUCT_BUNDLE_IDENTIFIER = "p.Tests-iOS";
				PRODUCT_NAME = "$(TARGET_NAME)";
				SDKROOT = iphoneos;
				SWIFT_VERSION = 5.0;
				TARGETED_DEVICE_FAMILY = "1,2";
				TEST_TARGET_NAME = "py (iOS)";
			};
			name = Debug;
		};
		F0190E9F268062E000B1AFC4 /* Release */ = {
			isa = XCBuildConfiguration;
			buildSettings = {
				ALWAYS_EMBED_SWIFT_STANDARD_LIBRARIES = YES;
				CODE_SIGN_STYLE = Automatic;
				DEVELOPMENT_TEAM = RNVUUUXSRC;
				INFOPLIST_FILE = "Tests iOS/Info.plist";
				IPHONEOS_DEPLOYMENT_TARGET = 14.5;
				LD_RUNPATH_SEARCH_PATHS = (
					"$(inherited)",
					"@executable_path/Frameworks",
					"@loader_path/Frameworks",
				);
				PRODUCT_BUNDLE_IDENTIFIER = "p.Tests-iOS";
				PRODUCT_NAME = "$(TARGET_NAME)";
				SDKROOT = iphoneos;
				SWIFT_VERSION = 5.0;
				TARGETED_DEVICE_FAMILY = "1,2";
				TEST_TARGET_NAME = "py (iOS)";
				VALIDATE_PRODUCT = YES;
			};
			name = Release;
		};
		F0190EA1268062E000B1AFC4 /* Debug */ = {
			isa = XCBuildConfiguration;
			buildSettings = {
				ALWAYS_EMBED_SWIFT_STANDARD_LIBRARIES = YES;
				CODE_SIGN_STYLE = Automatic;
				COMBINE_HIDPI_IMAGES = YES;
				DEVELOPMENT_TEAM = RNVUUUXSRC;
				INFOPLIST_FILE = "Tests macOS/Info.plist";
				LD_RUNPATH_SEARCH_PATHS = (
					"$(inherited)",
					"@executable_path/../Frameworks",
					"@loader_path/../Frameworks",
				);
				MACOSX_DEPLOYMENT_TARGET = 11.3;
				PRODUCT_BUNDLE_IDENTIFIER = "p.Tests-macOS";
				PRODUCT_NAME = "$(TARGET_NAME)";
				SDKROOT = macosx;
				SWIFT_VERSION = 5.0;
				TEST_TARGET_NAME = "py (macOS)";
			};
			name = Debug;
		};
		F0190EA2268062E000B1AFC4 /* Release */ = {
			isa = XCBuildConfiguration;
			buildSettings = {
				ALWAYS_EMBED_SWIFT_STANDARD_LIBRARIES = YES;
				CODE_SIGN_STYLE = Automatic;
				COMBINE_HIDPI_IMAGES = YES;
				DEVELOPMENT_TEAM = RNVUUUXSRC;
				INFOPLIST_FILE = "Tests macOS/Info.plist";
				LD_RUNPATH_SEARCH_PATHS = (
					"$(inherited)",
					"@executable_path/../Frameworks",
					"@loader_path/../Frameworks",
				);
				MACOSX_DEPLOYMENT_TARGET = 11.3;
				PRODUCT_BUNDLE_IDENTIFIER = "p.Tests-macOS";
				PRODUCT_NAME = "$(TARGET_NAME)";
				SDKROOT = macosx;
				SWIFT_VERSION = 5.0;
				TEST_TARGET_NAME = "py (macOS)";
			};
			name = Release;
		};
/* End XCBuildConfiguration section */

/* Begin XCConfigurationList section */
		F0190E64268062DB00B1AFC4 /* Build configuration list for PBXProject "py" */ = {
			isa = XCConfigurationList;
			buildConfigurations = (
				F0190E95268062E000B1AFC4 /* Debug */,
				F0190E96268062E000B1AFC4 /* Release */,
			);
			defaultConfigurationIsVisible = 0;
			defaultConfigurationName = Release;
		};
		F0190E97268062E000B1AFC4 /* Build configuration list for PBXNativeTarget "py (iOS)" */ = {
			isa = XCConfigurationList;
			buildConfigurations = (
				F0190E98268062E000B1AFC4 /* Debug */,
				F0190E99268062E000B1AFC4 /* Release */,
			);
			defaultConfigurationIsVisible = 0;
			defaultConfigurationName = Release;
		};
		F0190E9A268062E000B1AFC4 /* Build configuration list for PBXNativeTarget "py (macOS)" */ = {
			isa = XCConfigurationList;
			buildConfigurations = (
				F0190E9B268062E000B1AFC4 /* Debug */,
				F0190E9C268062E000B1AFC4 /* Release */,
			);
			defaultConfigurationIsVisible = 0;
			defaultConfigurationName = Release;
		};
		F0190E9D268062E000B1AFC4 /* Build configuration list for PBXNativeTarget "Tests iOS" */ = {
			isa = XCConfigurationList;
			buildConfigurations = (
				F0190E9E268062E000B1AFC4 /* Debug */,
				F0190E9F268062E000B1AFC4 /* Release */,
			);
			defaultConfigurationIsVisible = 0;
			defaultConfigurationName = Release;
		};
		F0190EA0268062E000B1AFC4 /* Build configuration list for PBXNativeTarget "Tests macOS" */ = {
			isa = XCConfigurationList;
			buildConfigurations = (
				F0190EA1268062E000B1AFC4 /* Debug */,
				F0190EA2268062E000B1AFC4 /* Release */,
			);
			defaultConfigurationIsVisible = 0;
			defaultConfigurationName = Release;
		};
/* End XCConfigurationList section */
	};
	rootObject = F0190E61268062DB00B1AFC4 /* Project object */;
}
